{
    "_meta": {
        "hash": {
            "sha256": "2b7ee9d93e2de66710dbd9db003695183d565bfc41a309e798665215e377cfc4"
        },
        "pipfile-spec": 6,
        "requires": {
            "python_version": "3.6"
        },
        "sources": [
            {
                "name": "pypi",
                "url": "https://pypi.org/simple",
                "verify_ssl": true
            }
        ]
    },
    "default": {
        "alabaster": {
            "hashes": [
                "sha256:674bb3bab080f598371f4443c5008cbfeb1a5e622dd312395d2d82af2c54c456",
                "sha256:b63b1f4dc77c074d386752ec4a8a7517600f6c0db8cd42980cae17ab7b3275d7"
            ],
            "version": "==0.7.11"
        },
        "asn1crypto": {
            "hashes": [
                "sha256:2f1adbb7546ed199e3c90ef23ec95c5cf3585bac7d11fb7eb562a3fe89c64e87",
                "sha256:9d5c20441baf0cb60a4ac34cc447c6c189024b6b4c6cd7877034f4965c464e49"
            ],
            "version": "==0.24.0"
        },
        "babel": {
            "hashes": [
                "sha256:6778d85147d5d85345c14a26aada5e478ab04e39b078b0745ee6870c2b5cf669",
                "sha256:8cba50f48c529ca3fa18cf81fa9403be176d374ac4d60738b839122dfaaa3d23"
            ],
            "version": "==2.6.0"
        },
        "certifi": {
            "hashes": [
                "sha256:13e698f54293db9f89122b0581843a782ad0934a4fe0172d2a980ba77fc61bb7",
                "sha256:9fa520c1bacfb634fa7af20a76bcbd3d5fb390481724c597da32c719a7dca4b0"
            ],
            "version": "==2018.4.16"
        },
        "cffi": {
            "hashes": [
                "sha256:11d30fc490bbe4d110fb7bfead0f10208275978ced3bce77f202224a0a9b448c",
                "sha256:151b7eefd035c56b2b2e1eb9963c90c6302dc15fbd8c1c0a83a163ff2c7d7743",
                "sha256:1553d1e99f035ace1c0544050622b7bc963374a00c467edafac50ad7bd276aef",
                "sha256:1b0493c091a1898f1136e3f4f991a784437fac3673780ff9de3bcf46c80b6b50",
                "sha256:2ba8a45822b7aee805ab49abfe7eec16b90587f7f26df20c71dd89e45a97076f",
                "sha256:3bb6bd7266598f318063e584378b8e27c67de998a43362e8fce664c54ee52d30",
                "sha256:3c85641778460581c42924384f5e68076d724ceac0f267d66c757f7535069c93",
                "sha256:3eb6434197633b7748cea30bf0ba9f66727cdce45117a712b29a443943733257",
                "sha256:495c5c2d43bf6cebe0178eb3e88f9c4aa48d8934aa6e3cddb865c058da76756b",
                "sha256:4b3d70782d55aa38949e4b66d51c461c053b729baa53d94bb8a3a92c1d1d5b88",
                "sha256:4c91af6e967c2015729d3e69c2e51d92f9898c330d6a851bf8f121236f3defd3",
                "sha256:57b2533356cb2d8fac1555815929f7f5f14d68ac77b085d2326b571310f34f6e",
                "sha256:770f3782b31f50b68627e22f91cb182c48c47c02eb405fd689472aa7b7aa16dc",
                "sha256:79f9b6f7c46ae1f8ded75f68cf8ad50e5729ed4d590c74840471fc2823457d04",
                "sha256:7a33145e04d44ce95bcd71e522b478d282ad0eafaf34fe1ec5bbd73e662f22b6",
                "sha256:857959354ae3a6fa3da6651b966d13b0a8bed6bbc87a0de7b38a549db1d2a359",
                "sha256:87f37fe5130574ff76c17cab61e7d2538a16f843bb7bca8ebbc4b12de3078596",
                "sha256:95d5251e4b5ca00061f9d9f3d6fe537247e145a8524ae9fd30a2f8fbce993b5b",
                "sha256:9d1d3e63a4afdc29bd76ce6aa9d58c771cd1599fbba8cf5057e7860b203710dd",
                "sha256:a36c5c154f9d42ec176e6e620cb0dd275744aa1d804786a71ac37dc3661a5e95",
                "sha256:a6a5cb8809091ec9ac03edde9304b3ad82ad4466333432b16d78ef40e0cce0d5",
                "sha256:ae5e35a2c189d397b91034642cb0eab0e346f776ec2eb44a49a459e6615d6e2e",
                "sha256:b0f7d4a3df8f06cf49f9f121bead236e328074de6449866515cea4907bbc63d6",
                "sha256:b75110fb114fa366b29a027d0c9be3709579602ae111ff61674d28c93606acca",
                "sha256:ba5e697569f84b13640c9e193170e89c13c6244c24400fc57e88724ef610cd31",
                "sha256:be2a9b390f77fd7676d80bc3cdc4f8edb940d8c198ed2d8c0be1319018c778e1",
                "sha256:ca1bd81f40adc59011f58159e4aa6445fc585a32bb8ac9badf7a2c1aa23822f2",
                "sha256:d5d8555d9bfc3f02385c1c37e9f998e2011f0db4f90e250e5bc0c0a85a813085",
                "sha256:e55e22ac0a30023426564b1059b035973ec82186ddddbac867078435801c7801",
                "sha256:e90f17980e6ab0f3c2f3730e56d1fe9bcba1891eeea58966e89d352492cc74f4",
                "sha256:ecbb7b01409e9b782df5ded849c178a0aa7c906cf8c5a67368047daab282b184",
                "sha256:ed01918d545a38998bfa5902c7c00e0fee90e957ce036a4000a88e3fe2264917",
                "sha256:edabd457cd23a02965166026fd9bfd196f4324fe6032e866d0f3bd0301cd486f",
                "sha256:facc52ea162864a51556925bfa09d8c8c131349aeabfce2da4a43198e36fba5c",
                "sha256:fdf1c1dc5bafc32bc5d08b054f94d659422b05aba244d6be4ddc1c72d9aa70fb"
            ],
            "markers": "platform_python_implementation != 'pypy'",
            "version": "==1.11.5"
        },
        "chardet": {
            "hashes": [
                "sha256:84ab92ed1c4d4f16916e05906b6b75a6c0fb5db821cc65e70cbd64a3e2a5eaae",
                "sha256:fc323ffcaeaed0e0a02bf4d117757b98aed530d9ed4531e3e15460124c106691"
            ],
            "version": "==3.0.4"
        },
        "click": {
            "hashes": [
                "sha256:29f99fc6125fbc931b758dc053b3114e55c77a6e4c6c3a2674a2dc986016381d",
                "sha256:f15516df478d5a56180fbf80e68f206010e6d160fc39fa508b65e035fd75130b"
            ],
            "version": "==6.7"
        },
        "cryptography": {
            "hashes": [
                "sha256:3f3b65d5a16e6b52fba63dc860b62ca9832f51f1a2ae5083c78b6840275f12dd",
                "sha256:5251e7de0de66810833606439ca65c9b9e45da62196b0c88bfadf27740aac09f",
                "sha256:551a3abfe0c8c6833df4192a63371aa2ff43afd8f570ed345d31f251d78e7e04",
                "sha256:5cb990056b7cadcca26813311187ad751ea644712022a3976443691168781b6f",
                "sha256:60bda7f12ecb828358be53095fc9c6edda7de8f1ef571f96c00b2363643fa3cd",
                "sha256:64b5c67acc9a7c83fbb4b69166f3105a0ab722d27934fac2cb26456718eec2ba",
                "sha256:6fef51ec447fe9f8351894024e94736862900d3a9aa2961528e602eb65c92bdb",
                "sha256:77d0ad229d47a6e0272d00f6bf8ac06ce14715a9fd02c9a97f5a2869aab3ccb2",
                "sha256:808fe471b1a6b777f026f7dc7bd9a4959da4bfab64972f2bbe91e22527c1c037",
                "sha256:9b62fb4d18529c84b961efd9187fecbb48e89aa1a0f9f4161c61b7fc42a101bd",
                "sha256:9e5bed45ec6b4f828866ac6a6bedf08388ffcfa68abe9e94b34bb40977aba531",
                "sha256:9fc295bf69130a342e7a19a39d7bbeb15c0bcaabc7382ec33ef3b2b7d18d2f63",
                "sha256:abd070b5849ed64e6d349199bef955ee0ad99aefbad792f0c587f8effa681a5e",
                "sha256:ba6a774749b6e510cffc2fb98535f717e0e5fd91c7c99a61d223293df79ab351",
                "sha256:c332118647f084c983c6a3e1dba0f3bcb051f69d12baccac68db8d62d177eb8a",
                "sha256:d6f46e862ee36df81e6342c2177ba84e70f722d9dc9c6c394f9f1f434c4a5563",
                "sha256:db6013746f73bf8edd9c3d1d3f94db635b9422f503db3fc5ef105233d4c011ab",
                "sha256:f57008eaff597c69cf692c3518f6d4800f0309253bb138b526a37fe9ef0c7471",
                "sha256:f6c821ac253c19f2ad4c8691633ae1d1a17f120d5b01ea1d256d7b602bc59887"
            ],
            "version": "==2.2.2"
        },
        "dectate": {
            "hashes": [
                "sha256:299a5d3d674d7cd095c8489331ecece22e5a567ee8a7636e8b57bbb220c568e4",
                "sha256:bc3920b30e26d361cb119db9b081add0ffba7b5550b5b33221e805dd7433b49e"
            ],
            "version": "==0.13"
        },
        "doctr": {
            "hashes": [
                "sha256:33b878c28cf2430818e7f8c2f5705c6954fb331a109d051bad0f2e5855cbb4a4"
            ],
            "index": "pypi",
            "version": "==1.7.3"
        },
        "docutils": {
            "hashes": [
                "sha256:02aec4bd92ab067f6ff27a38a38a41173bf01bed8f89157768c1573f53e474a6",
                "sha256:51e64ef2ebfb29cae1faa133b3710143496eca21c530f3f71424d77687764274",
                "sha256:7a4bd47eaf6596e1295ecb11361139febe29b084a87bf005bf899f9a42edc3c6"
            ],
            "version": "==0.14"
        },
        "idna": {
            "hashes": [
                "sha256:156a6814fb5ac1fc6850fb002e0852d56c0c8d2531923a51032d1b70760e186e",
                "sha256:684a38a6f903c1d71d6d5fac066b58d7768af4de2b832e426ec79c30daa94a16"
            ],
            "version": "==2.7"
        },
        "imagesize": {
            "hashes": [
                "sha256:3620cc0cadba3f7475f9940d22431fc4d407269f1be59ec9b8edcca26440cf18",
                "sha256:5b326e4678b6925158ccc66a9fa3122b6106d7c876ee32d7de6ce59385b96315"
            ],
            "version": "==1.0.0"
        },
        "importscan": {
            "hashes": [
                "sha256:5c003afe8d7f48d684bc9f66e8109952234812b225be324ce572ce4278b18f10"
            ],
            "version": "==0.1"
        },
        "jinja2": {
            "hashes": [
                "sha256:74c935a1b8bb9a3947c50a54766a969d4846290e1e788ea44c1392163723c3bd",
                "sha256:f84be1bb0040caca4cea721fcbbbbd61f9be9464ca236387158b0feea01914a4"
            ],
            "version": "==2.10"
        },
        "jsx-lexer": {
            "hashes": [
                "sha256:02002de913baa703428b6044e33ab2df2eedec8a983de6c8ef9b236a9905f39f",
                "sha256:3c2ecabcb6df32c002ffd590659fa700ee69b96b47c24545bf36372570a0e568"
            ],
            "index": "pypi",
            "version": "==0.0.6"
        },
        "kaybee": {
            "hashes": [
                "sha256:4e24ed113e1ad1f63495401c017c61a119362b4e1b3f264bbeeac2e9986036fa",
                "sha256:663a68c8c27989a38974c36adfed55762ebe0e9c5cc20e547b6bb170fda4bc43"
            ],
            "index": "pypi",
            "version": "==0.1.19"
        },
        "kaybee-bulma": {
            "hashes": [
                "sha256:17e1727f09c65ff7bac3b89c2e7c6566803311468e0249fbfc537f10b0c6c254",
                "sha256:f9a955463ba633a68034331d1fe3cc47fd99022e646437b93ad47a5baef7f18d"
            ],
            "index": "pypi",
            "version": "==0.2.24"
        },
        "livereload": {
            "hashes": [
                "sha256:583179dc8d49b040a9da79bd33de59e160d2a8802b939e304eb359a4419f6498",
                "sha256:dd4469a8f5a6833576e9f5433f1439c306de15dbbfeceabd32479b1123380fa5"
            ],
            "index": "pypi",
            "version": "==2.5.2"
        },
        "markupsafe": {
            "hashes": [
                "sha256:a6be69091dac236ea9c6bc7d012beab42010fa914c459791d627dad4910eb665"
            ],
            "version": "==1.0"
        },
        "packaging": {
            "hashes": [
                "sha256:e9215d2d2535d3ae866c3d6efc77d5b24a0192cce0ff20e42896cc0664f889c0",
                "sha256:f019b770dd64e585a99714f1fd5e01c7a8f11b45635aa953fd41c689a657375b"
            ],
            "index": "pypi",
            "version": "==17.1"
        },
        "pycparser": {
            "hashes": [
                "sha256:99a8ca03e29851d96616ad0404b4aad7d9ee16f25c9f9708a11faf2810f7b226"
            ],
            "version": "==2.18"
        },
        "pydantic": {
            "hashes": [
                "sha256:11f54fbd7d2ca38e1ee2fab4c856e71e01bfe4d8d5950a2c356c3cb05566ff13",
                "sha256:80d4abb0132984ef15d84739f3ca9801db8968de626c82412d605a0166cbe138"
            ],
            "version": "==0.11"
        },
        "pydash": {
            "hashes": [
                "sha256:853e9ecc73abacaebb18713d607faaac915cbfbab074c6a266d5777e0e960eef",
                "sha256:e283a7839b61020f82585d8df33e50010aeca97632ef56c981a684628014c5fa"
            ],
            "version": "==4.5.0"
        },
        "pygments": {
            "hashes": [
                "sha256:78f3f434bcc5d6ee09020f92ba487f95ba50f1e3ef83ae96b9d5ffa1bab25c5d",
                "sha256:dbae1046def0efb574852fab9e90209b23f556367b5a320c0bcb871c77c3e8cc"
            ],
            "version": "==2.2.0"
        },
        "pyparsing": {
            "hashes": [
                "sha256:0832bcf47acd283788593e7a0f542407bd9550a55a8a8435214a1960e04bcb04",
                "sha256:fee43f17a9c4087e7ed1605bd6df994c6173c1e977d7ade7b651292fab2bd010"
            ],
            "version": "==2.2.0"
        },
        "pyperclip": {
            "hashes": [
                "sha256:43496f0a1f363a5ecfc4cda5eba6a2a3d5056fe6c7ffb9a99fbb1c5a3c7dea05"
            ],
            "version": "==1.6.2"
        },
        "pytz": {
            "hashes": [
                "sha256:a061aa0a9e06881eb8b3b2b43f05b9439d6583c206d0a6c340ff72a7b6669053",
                "sha256:ffb9ef1de172603304d9d2819af6f5ece76f2e85ec10692a524dd876e72bf277"
            ],
            "version": "==2018.5"
        },
        "pyyaml": {
            "hashes": [
                "sha256:16b20e970597e051997d90dc2cddc713a2876c47e3d92d59ee198700c5427736",
                "sha256:3262c96a1ca437e7e4763e2843746588a965426550f3797a79fca9c6199c431f",
                "sha256:592766c6303207a20efc445587778322d7f73b161bd994f227adaa341ba212ab",
                "sha256:5ac82e411044fb129bae5cfbeb3ba626acb2af31a8d17d175004b70862a741a7",
                "sha256:827dc04b8fa7d07c44de11fabbc888e627fa8293b695e0f99cb544fdfa1bf0d1",
                "sha256:bc6bced57f826ca7cb5125a10b23fd0f2fff3b7c4701d64c439a300ce665fff8",
                "sha256:c01b880ec30b5a6e6aa67b09a2fe3fb30473008c85cd6a67359a1b15ed6d83a4",
                "sha256:e863072cdf4c72eebf179342c94e6989c67185842d9997960b3e69290b2fa269"
            ],
            "version": "==3.12"
        },
        "requests": {
            "hashes": [
                "sha256:63b52e3c866428a224f97cab011de738c36aec0185aa91cfacd418b5d58911d1",
                "sha256:ec22d826a36ed72a7358ff3fe56cbd4ba69dd7a6718ffd450ff0e9df7a47ce6a"
            ],
            "version": "==2.19.1"
        },
        "ruamel.yaml": {
            "hashes": [
                "sha256:05469efbe07bc3e9eba502e75a9aeba5562f637ed9e150e3f2cc225963397d6c",
                "sha256:0a6aebe7c88be62837a36f63623926b3f533fa85eed15f3602b11629c543ebcf",
                "sha256:14c8c7fee0fff75093a651d0773a53a9b8cf58d094d067f3a879023f227aa60c",
                "sha256:35a5282f4d569c60a512d58a5ef1f67476e28499f38aed448237e6f6e722f372",
                "sha256:420a8bd6ddf6410d71c8712d64f6d171de78e3013c00dfab7c64c6d054df7bf2",
                "sha256:4576b346e86deeebb80eb1b89753f805d9781cfe6111ba4d268f45d2693c8270",
                "sha256:71c3ca379c9089d4840f32dab8c4966cc9151aa44dc06249557f7f51d1b82a33",
                "sha256:8c8eff14f355035c0e87e0afdaeb7c46e04743421b48bc4f13de898365487ee0",
                "sha256:9902dec5f157a063cc3cb2736286ec6f971a695c6bf3984ecaebce9a4e4241cf",
                "sha256:9ccdb5cdd611f19558ac0f950f9798362a91a92e5f7df8d82e99c4027321b6af",
                "sha256:ae5b440c9b5a1870b29b0712ac5dc6be8930f17c6f7392965373aa791b5981b5",
                "sha256:c101ac2af7f4aa55fcf4bc33e6b01f2439dda81b566a3b07f6faa37c1acd1bbb",
                "sha256:c2ef2f00fa4bd5e5ab8028dad21ddc13ad830fb737cf4b9288733518704984ce",
                "sha256:c7120afc6fa76d81cc01beeb578cb28ad9fa7256dbb7c7b9b16ba5c6be69df52",
                "sha256:cce46eb7dfba6aa61548e589719c8f24d30d38d106e7487ee102a807f4cca579",
                "sha256:de00578fa8030afecd57a990d910fa5d3141ecff3b8c1e2817e17b2e3b0d50a2",
                "sha256:e15be9dd56fd22df920152f41c45de1f4060731a9ebfc725441312474216c7da"
            ],
            "version": "==0.15.41"
        },
        "six": {
            "hashes": [
                "sha256:70e8a77beed4562e7f14fe23a786b54f6296e34344c23bc42f07b15018ff98e9",
                "sha256:832dc0e10feb1aa2c68dcc57dbb658f1c7e65b9b61af69048abc87a2db00a0eb"
            ],
            "version": "==1.11.0"
        },
        "snowballstemmer": {
            "hashes": [
                "sha256:919f26a68b2c17a7634da993d91339e288964f93c274f1343e3bbbe2096e1128",
                "sha256:9f3bcd3c401c3e862ec0ebe6d2c069ebc012ce142cce209c098ccb5b09136e89"
            ],
            "version": "==1.2.1"
        },
        "sphinx": {
            "hashes": [
                "sha256:85f7e32c8ef07f4ba5aeca728e0f7717bef0789fba8458b8d9c5c294cad134f3",
                "sha256:d45480a229edf70d84ca9fae3784162b1bc75ee47e480ffe04a4b7f21a95d76d"
            ],
            "index": "pypi",
            "version": "==1.7.5"
        },
        "sphinxcontrib-websupport": {
            "hashes": [
                "sha256:68ca7ff70785cbe1e7bccc71a48b5b6d965d79ca50629606c7861a21b206d9dd",
                "sha256:9de47f375baf1ea07cdb3436ff39d7a9c76042c10a769c52353ec46e4e8fc3b9"
            ],
            "version": "==1.1.0"
        },
        "tornado": {
            "hashes": [
                "sha256:1b83d5c10550f2653380b4c77331d6f8850f287c4f67d7ce1e1c639d9222fbc7",
                "sha256:408d129e9d13d3c55aa73f8084aa97d5f90ed84132e38d6932e63a67d5bec563",
                "sha256:88ce0282cce70df9045e515f578c78f1ebc35dcabe1d70f800c3583ebda7f5f5",
                "sha256:ba9fbb249ac5390bff8a1d6aa4b844fd400701069bda7d2e380dfe2217895101",
                "sha256:c050089173c2e9272244bccfb6a8615fb9e53b79420a5551acfa76094ecc3111"
            ],
            "version": "==5.0.2"
        },
        "travis-encrypt": {
            "hashes": [
                "sha256:1efc20bace0ec95c4b4f5db3be57249b911b9063d8e8e91b47410b02344b43a5",
                "sha256:3ae647e81de272b1080a3167df012893e360c4e4f17965a6c834d3b411968593",
                "sha256:50b340df071971999fc84dc218e668d952f9c7b0764f765668e1293594844426"
            ],
            "index": "pypi",
            "version": "==1.1.0"
        },
        "urllib3": {
            "hashes": [
                "sha256:a68ac5e15e76e7e5dd2b8f94007233e01effe3e50e8daddf69acfd81cb686baf",
                "sha256:b5725a0bd4ba422ab0e66e89e030c806576753ea3ee08554382c14e685d117b5"
            ],
            "version": "==1.23"
        }
    },
    "develop": {}
}
